# This file is automatically @generated by Poetry 1.8.3 and should not be changed by hand.

[[package]]
name = "polars"
version = "1.6.0"
description = "Blazingly fast DataFrame library"
optional = false
python-versions = ">=3.8"
files = [
    {file = "polars-1.6.0-cp38-abi3-macosx_10_12_x86_64.whl", hash = "sha256:6d1665c23e3574ebd47a26a5d7b619e6e73e53718c3b0bfd7d08b6a0a4ae7daa"},
    {file = "polars-1.6.0-cp38-abi3-macosx_11_0_arm64.whl", hash = "sha256:d7f3abf085adf034720b358119c4c8e144bcc2d96010b7e7d0afa11b80da383c"},
    {file = "polars-1.6.0-cp38-abi3-manylinux_2_17_x86_64.manylinux2014_x86_64.whl", hash = "sha256:a166adb429f8ee099c9d803e7470a80c76368437a8b272c67cef9eef6d5e9da1"},
    {file = "polars-1.6.0-cp38-abi3-manylinux_2_24_aarch64.whl", hash = "sha256:1c811b772c9476f7f0bb4445a8387d2ab6d86f5e79140b1bfba914a32788d261"},
    {file = "polars-1.6.0-cp38-abi3-win_amd64.whl", hash = "sha256:ffae15ffa80fda5cc3af44a340b565bcf7f2ab6d7854d3f967baf505710c78e2"},
    {file = "polars-1.6.0.tar.gz", hash = "sha256:d7e8d5e577883a9755bc3be92ecbf6f20bced68267bdb8bdb440120e905cc19c"},
]

[package.extras]
adbc = ["adbc-driver-manager[dbapi]", "adbc-driver-sqlite[dbapi]"]
all = ["polars[async,cloudpickle,database,deltalake,excel,fsspec,graph,iceberg,numpy,pandas,plot,pyarrow,pydantic,style,timezone]"]
async = ["gevent"]
calamine = ["fastexcel (>=0.9)"]
cloudpickle = ["cloudpickle"]
connectorx = ["connectorx (>=0.3.2)"]
database = ["nest-asyncio", "polars[adbc,connectorx,sqlalchemy]"]
deltalake = ["deltalake (>=0.15.0)"]
excel = ["polars[calamine,openpyxl,xlsx2csv,xlsxwriter]"]
fsspec = ["fsspec"]
gpu = ["cudf-polars-cu12"]
graph = ["matplotlib"]
iceberg = ["pyiceberg (>=0.5.0)"]
numpy = ["numpy (>=1.16.0)"]
openpyxl = ["openpyxl (>=3.0.0)"]
pandas = ["pandas", "polars[pyarrow]"]
plot = ["altair (>=5.4.0)"]
pyarrow = ["pyarrow (>=7.0.0)"]
pydantic = ["pydantic"]
sqlalchemy = ["polars[pandas]", "sqlalchemy"]
style = ["great-tables (>=0.8.0)"]
timezone = ["backports-zoneinfo", "tzdata"]
xlsx2csv = ["xlsx2csv (>=0.8.0)"]
xlsxwriter = ["xlsxwriter"]

[metadata]
lock-version = "2.0"
python-versions = "^3.12"
content-hash = "920e5630e940043929551162991b2f519fcda563377ff162a3f64010fffa0a75"
